
Microsoft Visual Studio Solution File, Format Version 12.00
# Visual Studio 15
VisualStudioVersion = 15.0.27004.2006
MinimumVisualStudioVersion = 10.0.40219.1
Project("{888888A0-9F3D-457C-B088-3A5042F75D52}") = "python_testing", "python_testing\python_testing.pyproj", "{5576F5ED-31BA-474C-9111-3C2F70DB968A}"
EndProject
Global
	GlobalSection(SolutionConfigurationPlatforms) = preSolution
		Debug|Any CPU = Debug|Any CPU
		Release|Any CPU = Release|Any CPU
	EndGlobalSection
	GlobalSection(ProjectConfigurationPlatforms) = postSolution
		{5576F5ED-31BA-474C-9111-3C2F70DB968A}.Debug|Any CPU.ActiveCfg = Debug|Any CPU
		{5576F5ED-31BA-474C-9111-3C2F70DB968A}.Release|Any CPU.ActiveCfg = Release|Any CPU
	EndGlobalSection
	GlobalSection(SolutionProperties) = preSolution
		HideSolutionNode = FALSE
	EndGlobalSection
	GlobalSection(ExtensibilityGlobals) = postSolution
		SolutionGuid = {EE7EDC1E-FF65-4B2B-94AE-D0158DFC143F}
	EndGlobalSection
EndGlobal
